{
  "name": "blog.worldmaker.net",
  "version": "1.0.0",
  "lockfileVersion": 2,
  "requires": true,
  "packages": {
    "": {
      "name": "blog.worldmaker.net",
      "version": "1.0.0",
      "license": "MIT",
      "dependencies": {
        "lcars-moderne": "^2.0.3"
      }
    },
    "node_modules/lcars-moderne": {
      "version": "2.0.3",
      "resolved": "https://registry.npmjs.org/lcars-moderne/-/lcars-moderne-2.0.3.tgz",
      "integrity": "sha512-w22aUtZ8IEEOZs6txj85eAFc/dEjJnpqC1cVpWOiznlifCKGkGX/1P0epjaA08CF7H1U6Fz3vzJsLMJvCP4kTw=="
    }
  },
  "dependencies": {
    "lcars-moderne": {
      "version": "2.0.3",
      "resolved": "https://registry.npmjs.org/lcars-moderne/-/lcars-moderne-2.0.3.tgz",
      "integrity": "sha512-w22aUtZ8IEEOZs6txj85eAFc/dEjJnpqC1cVpWOiznlifCKGkGX/1P0epjaA08CF7H1U6Fz3vzJsLMJvCP4kTw=="
    }
  }
}
